{
  "name": "project-sekai-mod",
  "lockfileVersion": 3,
  "requires": true,
  "packages": {
    "": {
      "dependencies": {
        "@types/frida-gum": "^19.0.1",
        "frida-il2cpp-bridge": "^0.12.0",
        "typescript": "^5.8.3"
      }
    },
    "node_modules/@types/frida-gum": {
      "version": "19.0.1",
      "resolved": "https://registry.npmjs.org/@types/frida-gum/-/frida-gum-19.0.1.tgz",
      "integrity": "sha512-mp8BpWWkQFJH86ZN5uXZuDiA7KY/+jDknrw0a06x0/+F5ucPwctHrCuV6iT+LLCp/GyICc36ssedF33B1WoLsw==",
      "license": "MIT"
    },
    "node_modules/frida-il2cpp-bridge": {
      "version": "0.12.0",
      "resolved": "https://registry.npmjs.org/frida-il2cpp-bridge/-/frida-il2cpp-bridge-0.12.0.tgz",
      "integrity": "sha512-FEzUXOdgk1RrN4LusK9IWzCxr6BNLvFkkVl6ZGZdf3clEM0OcXggeL4/tqPfOgZsgn4CKX8PpIZBJiP659YkNg==",
      "license": "MIT",
      "bin": {
        "frida-il2cpp-bridge": "cli/main.py"
      }
    },
    "node_modules/typescript": {
      "version": "5.8.3",
      "resolved": "https://registry.npmjs.org/typescript/-/typescript-5.8.3.tgz",
      "integrity": "sha512-p1diW6TqL9L07nNxvRMM7hMMw4c5XOo/1ibL4aAIGmSAt9slTE1Xgw5KWuof2uTOvCg9BY7ZRi+GaF+7sfgPeQ==",
      "license": "Apache-2.0",
      "bin": {
        "tsc": "bin/tsc",
        "tsserver": "bin/tsserver"
      },
      "engines": {
        "node": ">=14.17"
      }
    }
  }
}
